// !$*UTF8*$!
{
	archiveVersion = 1;
	classes = {
	};
	objectVersion = 56;
	objects = {

/* Begin PBXBuildFile section */
		F00028B2299BC09F006E4F3D /* SwiftUI4App.swift in Sources */ = {isa = PBXBuildFile; fileRef = F00028B1299BC09F006E4F3D /* SwiftUI4App.swift */; };
		F00028B4299BC09F006E4F3D /* ContentView.swift in Sources */ = {isa = PBXBuildFile; fileRef = F00028B3299BC09F006E4F3D /* ContentView.swift */; };
		F00028B6299BC0A1006E4F3D /* Assets.xcassets in Resources */ = {isa = PBXBuildFile; fileRef = F00028B5299BC0A1006E4F3D /* Assets.xcassets */; };
		F00028B9299BC0A1006E4F3D /* Preview Assets.xcassets in Resources */ = {isa = PBXBuildFile; fileRef = F00028B8299BC0A1006E4F3D /* Preview Assets.xcassets */; };
		F00028C3299BC0A1006E4F3D /* SwiftUI4Tests.swift in Sources */ = {isa = PBXBuildFile; fileRef = F00028C2299BC0A1006E4F3D /* SwiftUI4Tests.swift */; };
		F00028CD299BC0A1006E4F3D /* SwiftUI4UITests.swift in Sources */ = {isa = PBXBuildFile; fileRef = F00028CC299BC0A1006E4F3D /* SwiftUI4UITests.swift */; };
		F00028CF299BC0A1006E4F3D /* SwiftUI4UITestsLaunchTests.swift in Sources */ = {isa = PBXBuildFile; fileRef = F00028CE299BC0A1006E4F3D /* SwiftUI4UITestsLaunchTests.swift */; };
/* End PBXBuildFile section */

/* Begin PBXContainerItemProxy section */
		F00028BF299BC0A1006E4F3D /* PBXContainerItemProxy */ = {
			isa = PBXContainerItemProxy;
			containerPortal = F00028A6299BC09F006E4F3D /* Project object */;
			proxyType = 1;
			remoteGlobalIDString = F00028AD299BC09F006E4F3D;
			remoteInfo = SwiftUI4;
		};
		F00028C9299BC0A1006E4F3D /* PBXContainerItemProxy */ = {
			isa = PBXContainerItemProxy;
			containerPortal = F00028A6299BC09F006E4F3D /* Project object */;
			proxyType = 1;
			remoteGlobalIDString = F00028AD299BC09F006E4F3D;
			remoteInfo = SwiftUI4;
		};
/* End PBXContainerItemProxy section */

/* Begin PBXFileReference section */
		F00028AE299BC09F006E4F3D /* SwiftUI4.app */ = {isa = PBXFileReference; explicitFileType = wrapper.application; includeInIndex = 0; path = SwiftUI4.app; sourceTree = BUILT_PRODUCTS_DIR; };
		F00028B1299BC09F006E4F3D /* SwiftUI4App.swift */ = {isa = PBXFileReference; lastKnownFileType = sourcecode.swift; path = SwiftUI4App.swift; sourceTree = "<group>"; };
		F00028B3299BC09F006E4F3D /* ContentView.swift */ = {isa = PBXFileReference; lastKnownFileType = sourcecode.swift; path = ContentView.swift; sourceTree = "<group>"; };
		F00028B5299BC0A1006E4F3D /* Assets.xcassets */ = {isa = PBXFileReference; lastKnownFileType = folder.assetcatalog; path = Assets.xcassets; sourceTree = "<group>"; };
		F00028B8299BC0A1006E4F3D /* Preview Assets.xcassets */ = {isa = PBXFileReference; lastKnownFileType = folder.assetcatalog; path = "Preview Assets.xcassets"; sourceTree = "<group>"; };
		F00028BE299BC0A1006E4F3D /* SwiftUI4Tests.xctest */ = {isa = PBXFileReference; explicitFileType = wrapper.cfbundle; includeInIndex = 0; path = SwiftUI4Tests.xctest; sourceTree = BUILT_PRODUCTS_DIR; };
		F00028C2299BC0A1006E4F3D /* SwiftUI4Tests.swift */ = {isa = PBXFileReference; lastKnownFileType = sourcecode.swift; path = SwiftUI4Tests.swift; sourceTree = "<group>"; };
		F00028C8299BC0A1006E4F3D /* SwiftUI4UITests.xctest */ = {isa = PBXFileReference; explicitFileType = wrapper.cfbundle; includeInIndex = 0; path = SwiftUI4UITests.xctest; sourceTree = BUILT_PRODUCTS_DIR; };
		F00028CC299BC0A1006E4F3D /* SwiftUI4UITests.swift */ = {isa = PBXFileReference; lastKnownFileType = sourcecode.swift; path = SwiftUI4UITests.swift; sourceTree = "<group>"; };
		F00028CE299BC0A1006E4F3D /* SwiftUI4UITestsLaunchTests.swift */ = {isa = PBXFileReference; lastKnownFileType = sourcecode.swift; path = SwiftUI4UITestsLaunchTests.swift; sourceTree = "<group>"; };
/* End PBXFileReference section */

/* Begin PBXFrameworksBuildPhase section */
		F00028AB299BC09F006E4F3D /* Frameworks */ = {
			isa = PBXFrameworksBuildPhase;
			buildActionMask = 2147483647;
			files = (
			);
			runOnlyForDeploymentPostprocessing = 0;
		};
		F00028BB299BC0A1006E4F3D /* Frameworks */ = {
			isa = PBXFrameworksBuildPhase;
			buildActionMask = 2147483647;
			files = (
			);
			runOnlyForDeploymentPostprocessing = 0;
		};
		F00028C5299BC0A1006E4F3D /* Frameworks */ = {
			isa = PBXFrameworksBuildPhase;
			buildActionMask = 2147483647;
			files = (
			);
			runOnlyForDeploymentPostprocessing = 0;
		};
/* End PBXFrameworksBuildPhase section */

/* Begin PBXGroup section */
		F00028A5299BC09F006E4F3D = {
			isa = PBXGroup;
			children = (
				F00028B0299BC09F006E4F3D /* SwiftUI4 */,
				F00028C1299BC0A1006E4F3D /* SwiftUI4Tests */,
				F00028CB299BC0A1006E4F3D /* SwiftUI4UITests */,
				F00028AF299BC09F006E4F3D /* Products */,
			);
			sourceTree = "<group>";
		};
		F00028AF299BC09F006E4F3D /* Products */ = {
			isa = PBXGroup;
			children = (
				F00028AE299BC09F006E4F3D /* SwiftUI4.app */,
				F00028BE299BC0A1006E4F3D /* SwiftUI4Tests.xctest */,
				F00028C8299BC0A1006E4F3D /* SwiftUI4UITests.xctest */,
			);
			name = Products;
			sourceTree = "<group>";
		};
		F00028B0299BC09F006E4F3D /* SwiftUI4 */ = {
			isa = PBXGroup;
			children = (
				F00028B1299BC09F006E4F3D /* SwiftUI4App.swift */,
				F00028B3299BC09F006E4F3D /* ContentView.swift */,
				F00028B5299BC0A1006E4F3D /* Assets.xcassets */,
				F00028B7299BC0A1006E4F3D /* Preview Content */,
			);
			path = SwiftUI4;
			sourceTree = "<group>";
		};
		F00028B7299BC0A1006E4F3D /* Preview Content */ = {
			isa = PBXGroup;
			children = (
				F00028B8299BC0A1006E4F3D /* Preview Assets.xcassets */,
			);
			path = "Preview Content";
			sourceTree = "<group>";
		};
		F00028C1299BC0A1006E4F3D /* SwiftUI4Tests */ = {
			isa = PBXGroup;
			children = (
				F00028C2299BC0A1006E4F3D /* SwiftUI4Tests.swift */,
			);
			path = SwiftUI4Tests;
			sourceTree = "<group>";
		};
		F00028CB299BC0A1006E4F3D /* SwiftUI4UITests */ = {
			isa = PBXGroup;
			children = (
				F00028CC299BC0A1006E4F3D /* SwiftUI4UITests.swift */,
				F00028CE299BC0A1006E4F3D /* SwiftUI4UITestsLaunchTests.swift */,
			);
			path = SwiftUI4UITests;
			sourceTree = "<group>";
		};
/* End PBXGroup section */

/* Begin PBXNativeTarget section */
		F00028AD299BC09F006E4F3D /* SwiftUI4 */ = {
			isa = PBXNativeTarget;
			buildConfigurationList = F00028D2299BC0A1006E4F3D /* Build configuration list for PBXNativeTarget "SwiftUI4" */;
			buildPhases = (
				F00028AA299BC09F006E4F3D /* Sources */,
				F00028AB299BC09F006E4F3D /* Frameworks */,
				F00028AC299BC09F006E4F3D /* Resources */,
			);
			buildRules = (
			);
			dependencies = (
			);
			name = SwiftUI4;
			productName = SwiftUI4;
			productReference = F00028AE299BC09F006E4F3D /* SwiftUI4.app */;
			productType = "com.apple.product-type.application";
		};
		F00028BD299BC0A1006E4F3D /* SwiftUI4Tests */ = {
			isa = PBXNativeTarget;
			buildConfigurationList = F00028D5299BC0A1006E4F3D /* Build configuration list for PBXNativeTarget "SwiftUI4Tests" */;
			buildPhases = (
				F00028BA299BC0A1006E4F3D /* Sources */,
				F00028BB299BC0A1006E4F3D /* Frameworks */,
				F00028BC299BC0A1006E4F3D /* Resources */,
			);
			buildRules = (
			);
			dependencies = (
				F00028C0299BC0A1006E4F3D /* PBXTargetDependency */,
			);
			name = SwiftUI4Tests;
			productName = SwiftUI4Tests;
			productReference = F00028BE299BC0A1006E4F3D /* SwiftUI4Tests.xctest */;
			productType = "com.apple.product-type.bundle.unit-test";
		};
		F00028C7299BC0A1006E4F3D /* SwiftUI4UITests */ = {
			isa = PBXNativeTarget;
			buildConfigurationList = F00028D8299BC0A1006E4F3D /* Build configuration list for PBXNativeTarget "SwiftUI4UITests" */;
			buildPhases = (
				F00028C4299BC0A1006E4F3D /* Sources */,
				F00028C5299BC0A1006E4F3D /* Frameworks */,
				F00028C6299BC0A1006E4F3D /* Resources */,
			);
			buildRules = (
			);
			dependencies = (
				F00028CA299BC0A1006E4F3D /* PBXTargetDependency */,
			);
			name = SwiftUI4UITests;
			productName = SwiftUI4UITests;
			productReference = F00028C8299BC0A1006E4F3D /* SwiftUI4UITests.xctest */;
			productType = "com.apple.product-type.bundle.ui-testing";
		};
/* End PBXNativeTarget section */

/* Begin PBXProject section */
		F00028A6299BC09F006E4F3D /* Project object */ = {
			isa = PBXProject;
			attributes = {
				BuildIndependentTargetsInParallel = 1;
				LastSwiftUpdateCheck = 1420;
				LastUpgradeCheck = 1420;
				TargetAttributes = {
					F00028AD299BC09F006E4F3D = {
						CreatedOnToolsVersion = 14.2;
					};
					F00028BD299BC0A1006E4F3D = {
						CreatedOnToolsVersion = 14.2;
						TestTargetID = F00028AD299BC09F006E4F3D;
					};
					F00028C7299BC0A1006E4F3D = {
						CreatedOnToolsVersion = 14.2;
						TestTargetID = F00028AD299BC09F006E4F3D;
					};
				};
			};
			buildConfigurationList = F00028A9299BC09F006E4F3D /* Build configuration list for PBXProject "SwiftUI4" */;
			compatibilityVersion = "Xcode 14.0";
			developmentRegion = en;
			hasScannedForEncodings = 0;
			knownRegions = (
				en,
				Base,
			);
			mainGroup = F00028A5299BC09F006E4F3D;
			productRefGroup = F00028AF299BC09F006E4F3D /* Products */;
			projectDirPath = "";
			projectRoot = "";
			targets = (
				F00028AD299BC09F006E4F3D /* SwiftUI4 */,
				F00028BD299BC0A1006E4F3D /* SwiftUI4Tests */,
				F00028C7299BC0A1006E4F3D /* SwiftUI4UITests */,
			);
		};
/* End PBXProject section */

/* Begin PBXResourcesBuildPhase section */
		F00028AC299BC09F006E4F3D /* Resources */ = {
			isa = PBXResourcesBuildPhase;
			buildActionMask = 2147483647;
			files = (
				F00028B9299BC0A1006E4F3D /* Preview Assets.xcassets in Resources */,
				F00028B6299BC0A1006E4F3D /* Assets.xcassets in Resources */,
			);
			runOnlyForDeploymentPostprocessing = 0;
		};
		F00028BC299BC0A1006E4F3D /* Resources */ = {
			isa = PBXResourcesBuildPhase;
			buildActionMask = 2147483647;
			files = (
			);
			runOnlyForDeploymentPostprocessing = 0;
		};
		F00028C6299BC0A1006E4F3D /* Resources */ = {
			isa = PBXResourcesBuildPhase;
			buildActionMask = 2147483647;
			files = (
			);
			runOnlyForDeploymentPostprocessing = 0;
		};
/* End PBXResourcesBuildPhase section */

/* Begin PBXSourcesBuildPhase section */
		F00028AA299BC09F006E4F3D /* Sources */ = {
			isa = PBXSourcesBuildPhase;
			buildActionMask = 2147483647;
			files = (
				F00028B4299BC09F006E4F3D /* ContentView.swift in Sources */,
				F00028B2299BC09F006E4F3D /* SwiftUI4App.swift in Sources */,
			);
			runOnlyForDeploymentPostprocessing = 0;
		};
		F00028BA299BC0A1006E4F3D /* Sources */ = {
			isa = PBXSourcesBuildPhase;
			buildActionMask = 2147483647;
			files = (
				F00028C3299BC0A1006E4F3D /* SwiftUI4Tests.swift in Sources */,
			);
			runOnlyForDeploymentPostprocessing = 0;
		};
		F00028C4299BC0A1006E4F3D /* Sources */ = {
			isa = PBXSourcesBuildPhase;
			buildActionMask = 2147483647;
			files = (
				F00028CF299BC0A1006E4F3D /* SwiftUI4UITestsLaunchTests.swift in Sources */,
				F00028CD299BC0A1006E4F3D /* SwiftUI4UITests.swift in Sources */,
			);
			runOnlyForDeploymentPostprocessing = 0;
		};
/* End PBXSourcesBuildPhase section */

/* Begin PBXTargetDependency section */
		F00028C0299BC0A1006E4F3D /* PBXTargetDependency */ = {
			isa = PBXTargetDependency;
			target = F00028AD299BC09F006E4F3D /* SwiftUI4 */;
			targetProxy = F00028BF299BC0A1006E4F3D /* PBXContainerItemProxy */;
		};
		F00028CA299BC0A1006E4F3D /* PBXTargetDependency */ = {
			isa = PBXTargetDependency;
			target = F00028AD299BC09F006E4F3D /* SwiftUI4 */;
			targetProxy = F00028C9299BC0A1006E4F3D /* PBXContainerItemProxy */;
		};
/* End PBXTargetDependency section */

/* Begin XCBuildConfiguration section */
		F00028D0299BC0A1006E4F3D /* Debug */ = {
			isa = XCBuildConfiguration;
			buildSettings = {
				ALWAYS_SEARCH_USER_PATHS = NO;
				CLANG_ANALYZER_NONNULL = YES;
				CLANG_ANALYZER_NUMBER_OBJECT_CONVERSION = YES_AGGRESSIVE;
				CLANG_CXX_LANGUAGE_STANDARD = "gnu++20";
				CLANG_ENABLE_MODULES = YES;
				CLANG_ENABLE_OBJC_ARC = YES;
				CLANG_ENABLE_OBJC_WEAK = YES;
				CLANG_WARN_BLOCK_CAPTURE_AUTORELEASING = YES;
				CLANG_WARN_BOOL_CONVERSION = YES;
				CLANG_WARN_COMMA = YES;
				CLANG_WARN_CONSTANT_CONVERSION = YES;
				CLANG_WARN_DEPRECATED_OBJC_IMPLEMENTATIONS = YES;
				CLANG_WARN_DIRECT_OBJC_ISA_USAGE = YES_ERROR;
				CLANG_WARN_DOCUMENTATION_COMMENTS = YES;
				CLANG_WARN_EMPTY_BODY = YES;
				CLANG_WARN_ENUM_CONVERSION = YES;
				CLANG_WARN_INFINITE_RECURSION = YES;
				CLANG_WARN_INT_CONVERSION = YES;
				CLANG_WARN_NON_LITERAL_NULL_CONVERSION = YES;
				CLANG_WARN_OBJC_IMPLICIT_RETAIN_SELF = YES;
				CLANG_WARN_OBJC_LITERAL_CONVERSION = YES;
				CLANG_WARN_OBJC_ROOT_CLASS = YES_ERROR;
				CLANG_WARN_QUOTED_INCLUDE_IN_FRAMEWORK_HEADER = YES;
				CLANG_WARN_RANGE_LOOP_ANALYSIS = YES;
				CLANG_WARN_STRICT_PROTOTYPES = YES;
				CLANG_WARN_SUSPICIOUS_MOVE = YES;
				CLANG_WARN_UNGUARDED_AVAILABILITY = YES_AGGRESSIVE;
				CLANG_WARN_UNREACHABLE_CODE = YES;
				CLANG_WARN__DUPLICATE_METHOD_MATCH = YES;
				COPY_PHASE_STRIP = NO;
				DEBUG_INFORMATION_FORMAT = dwarf;
				ENABLE_STRICT_OBJC_MSGSEND = YES;
				ENABLE_TESTABILITY = YES;
				GCC_C_LANGUAGE_STANDARD = gnu11;
				GCC_DYNAMIC_NO_PIC = NO;
				GCC_NO_COMMON_BLOCKS = YES;
				GCC_OPTIMIZATION_LEVEL = 0;
				GCC_PREPROCESSOR_DEFINITIONS = (
					"DEBUG=1",
					"$(inherited)",
				);
				GCC_WARN_64_TO_32_BIT_CONVERSION = YES;
				GCC_WARN_ABOUT_RETURN_TYPE = YES_ERROR;
				GCC_WARN_UNDECLARED_SELECTOR = YES;
				GCC_WARN_UNINITIALIZED_AUTOS = YES_AGGRESSIVE;
				GCC_WARN_UNUSED_FUNCTION = YES;
				GCC_WARN_UNUSED_VARIABLE = YES;
				IPHONEOS_DEPLOYMENT_TARGET = 16.2;
				MTL_ENABLE_DEBUG_INFO = INCLUDE_SOURCE;
				MTL_FAST_MATH = YES;
				ONLY_ACTIVE_ARCH = YES;
				SDKROOT = iphoneos;
				SWIFT_ACTIVE_COMPILATION_CONDITIONS = DEBUG;
				SWIFT_OPTIMIZATION_LEVEL = "-Onone";
			};
			name = Debug;
		};
		F00028D1299BC0A1006E4F3D /* Release */ = {
			isa = XCBuildConfiguration;
			buildSettings = {
				ALWAYS_SEARCH_USER_PATHS = NO;
				CLANG_ANALYZER_NONNULL = YES;
				CLANG_ANALYZER_NUMBER_OBJECT_CONVERSION = YES_AGGRESSIVE;
				CLANG_CXX_LANGUAGE_STANDARD = "gnu++20";
				CLANG_ENABLE_MODULES = YES;
				CLANG_ENABLE_OBJC_ARC = YES;
				CLANG_ENABLE_OBJC_WEAK = YES;
				CLANG_WARN_BLOCK_CAPTURE_AUTORELEASING = YES;
				CLANG_WARN_BOOL_CONVERSION = YES;
				CLANG_WARN_COMMA = YES;
				CLANG_WARN_CONSTANT_CONVERSION = YES;
				CLANG_WARN_DEPRECATED_OBJC_IMPLEMENTATIONS = YES;
				CLANG_WARN_DIRECT_OBJC_ISA_USAGE = YES_ERROR;
				CLANG_WARN_DOCUMENTATION_COMMENTS = YES;
				CLANG_WARN_EMPTY_BODY = YES;
				CLANG_WARN_ENUM_CONVERSION = YES;
				CLANG_WARN_INFINITE_RECURSION = YES;
				CLANG_WARN_INT_CONVERSION = YES;
				CLANG_WARN_NON_LITERAL_NULL_CONVERSION = YES;
				CLANG_WARN_OBJC_IMPLICIT_RETAIN_SELF = YES;
				CLANG_WARN_OBJC_LITERAL_CONVERSION = YES;
				CLANG_WARN_OBJC_ROOT_CLASS = YES_ERROR;
				CLANG_WARN_QUOTED_INCLUDE_IN_FRAMEWORK_HEADER = YES;
				CLANG_WARN_RANGE_LOOP_ANALYSIS = YES;
				CLANG_WARN_STRICT_PROTOTYPES = YES;
				CLANG_WARN_SUSPICIOUS_MOVE = YES;
				CLANG_WARN_UNGUARDED_AVAILABILITY = YES_AGGRESSIVE;
				CLANG_WARN_UNREACHABLE_CODE = YES;
				CLANG_WARN__DUPLICATE_METHOD_MATCH = YES;
				COPY_PHASE_STRIP = NO;
				DEBUG_INFORMATION_FORMAT = "dwarf-with-dsym";
				ENABLE_NS_ASSERTIONS = NO;
				ENABLE_STRICT_OBJC_MSGSEND = YES;
				GCC_C_LANGUAGE_STANDARD = gnu11;
				GCC_NO_COMMON_BLOCKS = YES;
				GCC_WARN_64_TO_32_BIT_CONVERSION = YES;
				GCC_WARN_ABOUT_RETURN_TYPE = YES_ERROR;
				GCC_WARN_UNDECLARED_SELECTOR = YES;
				GCC_WARN_UNINITIALIZED_AUTOS = YES_AGGRESSIVE;
				GCC_WARN_UNUSED_FUNCTION = YES;
				GCC_WARN_UNUSED_VARIABLE = YES;
				IPHONEOS_DEPLOYMENT_TARGET = 16.2;
				MTL_ENABLE_DEBUG_INFO = NO;
				MTL_FAST_MATH = YES;
				SDKROOT = iphoneos;
				SWIFT_COMPILATION_MODE = wholemodule;
				SWIFT_OPTIMIZATION_LEVEL = "-O";
				VALIDATE_PRODUCT = YES;
			};
			name = Release;
		};
		F00028D3299BC0A1006E4F3D /* Debug */ = {
			isa = XCBuildConfiguration;
			buildSettings = {
				ASSETCATALOG_COMPILER_APPICON_NAME = AppIcon;
				ASSETCATALOG_COMPILER_GLOBAL_ACCENT_COLOR_NAME = AccentColor;
				CODE_SIGN_STYLE = Automatic;
				CURRENT_PROJECT_VERSION = 1;
				DEVELOPMENT_ASSET_PATHS = "\"SwiftUI4/Preview Content\"";
				ENABLE_PREVIEWS = YES;
				GENERATE_INFOPLIST_FILE = YES;
				INFOPLIST_KEY_UIApplicationSceneManifest_Generation = YES;
				INFOPLIST_KEY_UIApplicationSupportsIndirectInputEvents = YES;
				INFOPLIST_KEY_UILaunchScreen_Generation = YES;
				INFOPLIST_KEY_UISupportedInterfaceOrientations_iPad = "UIInterfaceOrientationPortrait UIInterfaceOrientationPortraitUpsideDown UIInterfaceOrientationLandscapeLeft UIInterfaceOrientationLandscapeRight";
				INFOPLIST_KEY_UISupportedInterfaceOrientations_iPhone = "UIInterfaceOrientationPortrait UIInterfaceOrientationLandscapeLeft UIInterfaceOrientationLandscapeRight";
				LD_RUNPATH_SEARCH_PATHS = (
					"$(inherited)",
					"@executable_path/Frameworks",
				);
				MARKETING_VERSION = 1.0;
				PRODUCT_BUNDLE_IDENTIFIER = kr.co.cheolanee.ios.SwiftUI4;
				PRODUCT_NAME = "$(TARGET_NAME)";
				SWIFT_EMIT_LOC_STRINGS = YES;
				SWIFT_VERSION = 5.0;
				TARGETED_DEVICE_FAMILY = "1,2";
			};
			name = Debug;
		};
		F00028D4299BC0A1006E4F3D /* Release */ = {
			isa = XCBuildConfiguration;
			buildSettings = {
				ASSETCATALOG_COMPILER_APPICON_NAME = AppIcon;
				ASSETCATALOG_COMPILER_GLOBAL_ACCENT_COLOR_NAME = AccentColor;
				CODE_SIGN_STYLE = Automatic;
				CURRENT_PROJECT_VERSION = 1;
				DEVELOPMENT_ASSET_PATHS = "\"SwiftUI4/Preview Content\"";
				ENABLE_PREVIEWS = YES;
				GENERATE_INFOPLIST_FILE = YES;
				INFOPLIST_KEY_UIApplicationSceneManifest_Generation = YES;
				INFOPLIST_KEY_UIApplicationSupportsIndirectInputEvents = YES;
				INFOPLIST_KEY_UILaunchScreen_Generation = YES;
				INFOPLIST_KEY_UISupportedInterfaceOrientations_iPad = "UIInterfaceOrientationPortrait UIInterfaceOrientationPortraitUpsideDown UIInterfaceOrientationLandscapeLeft UIInterfaceOrientationLandscapeRight";
				INFOPLIST_KEY_UISupportedInterfaceOrientations_iPhone = "UIInterfaceOrientationPortrait UIInterfaceOrientationLandscapeLeft UIInterfaceOrientationLandscapeRight";
				LD_RUNPATH_SEARCH_PATHS = (
					"$(inherited)",
					"@executable_path/Frameworks",
				);
				MARKETING_VERSION = 1.0;
				PRODUCT_BUNDLE_IDENTIFIER = kr.co.cheolanee.ios.SwiftUI4;
				PRODUCT_NAME = "$(TARGET_NAME)";
				SWIFT_EMIT_LOC_STRINGS = YES;
				SWIFT_VERSION = 5.0;
				TARGETED_DEVICE_FAMILY = "1,2";
			};
			name = Release;
		};
		F00028D6299BC0A1006E4F3D /* Debug */ = {
			isa = XCBuildConfiguration;
			buildSettings = {
				ALWAYS_EMBED_SWIFT_STANDARD_LIBRARIES = YES;
				BUNDLE_LOADER = "$(TEST_HOST)";
				CODE_SIGN_STYLE = Automatic;
				CURRENT_PROJECT_VERSION = 1;
				GENERATE_INFOPLIST_FILE = YES;
				IPHONEOS_DEPLOYMENT_TARGET = 16.2;
				MARKETING_VERSION = 1.0;
				PRODUCT_BUNDLE_IDENTIFIER = kr.co.cheolanee.ios.SwiftUI4Tests;
				PRODUCT_NAME = "$(TARGET_NAME)";
				SWIFT_EMIT_LOC_STRINGS = NO;
				SWIFT_VERSION = 5.0;
				TARGETED_DEVICE_FAMILY = "1,2";
				TEST_HOST = "$(BUILT_PRODUCTS_DIR)/SwiftUI4.app/$(BUNDLE_EXECUTABLE_FOLDER_PATH)/SwiftUI4";
			};
			name = Debug;
		};
		F00028D7299BC0A1006E4F3D /* Release */ = {
			isa = XCBuildConfiguration;
			buildSettings = {
				ALWAYS_EMBED_SWIFT_STANDARD_LIBRARIES = YES;
				BUNDLE_LOADER = "$(TEST_HOST)";
				CODE_SIGN_STYLE = Automatic;
				CURRENT_PROJECT_VERSION = 1;
				GENERATE_INFOPLIST_FILE = YES;
				IPHONEOS_DEPLOYMENT_TARGET = 16.2;
				MARKETING_VERSION = 1.0;
				PRODUCT_BUNDLE_IDENTIFIER = kr.co.cheolanee.ios.SwiftUI4Tests;
				PRODUCT_NAME = "$(TARGET_NAME)";
				SWIFT_EMIT_LOC_STRINGS = NO;
				SWIFT_VERSION = 5.0;
				TARGETED_DEVICE_FAMILY = "1,2";
				TEST_HOST = "$(BUILT_PRODUCTS_DIR)/SwiftUI4.app/$(BUNDLE_EXECUTABLE_FOLDER_PATH)/SwiftUI4";
			};
			name = Release;
		};
		F00028D9299BC0A1006E4F3D /* Debug */ = {
			isa = XCBuildConfiguration;
			buildSettings = {
				ALWAYS_EMBED_SWIFT_STANDARD_LIBRARIES = YES;
				CODE_SIGN_STYLE = Automatic;
				CURRENT_PROJECT_VERSION = 1;
				GENERATE_INFOPLIST_FILE = YES;
				MARKETING_VERSION = 1.0;
				PRODUCT_BUNDLE_IDENTIFIER = kr.co.cheolanee.ios.SwiftUI4UITests;
				PRODUCT_NAME = "$(TARGET_NAME)";
				SWIFT_EMIT_LOC_STRINGS = NO;
				SWIFT_VERSION = 5.0;
				TARGETED_DEVICE_FAMILY = "1,2";
				TEST_TARGET_NAME = SwiftUI4;
			};
			name = Debug;
		};
		F00028DA299BC0A1006E4F3D /* Release */ = {
			isa = XCBuildConfiguration;
			buildSettings = {
				ALWAYS_EMBED_SWIFT_STANDARD_LIBRARIES = YES;
				CODE_SIGN_STYLE = Automatic;
				CURRENT_PROJECT_VERSION = 1;
				GENERATE_INFOPLIST_FILE = YES;
				MARKETING_VERSION = 1.0;
				PRODUCT_BUNDLE_IDENTIFIER = kr.co.cheolanee.ios.SwiftUI4UITests;
				PRODUCT_NAME = "$(TARGET_NAME)";
				SWIFT_EMIT_LOC_STRINGS = NO;
				SWIFT_VERSION = 5.0;
				TARGETED_DEVICE_FAMILY = "1,2";
				TEST_TARGET_NAME = SwiftUI4;
			};
			name = Release;
		};
/* End XCBuildConfiguration section */

/* Begin XCConfigurationList section */
		F00028A9299BC09F006E4F3D /* Build configuration list for PBXProject "SwiftUI4" */ = {
			isa = XCConfigurationList;
			buildConfigurations = (
				F00028D0299BC0A1006E4F3D /* Debug */,
				F00028D1299BC0A1006E4F3D /* Release */,
			);
			defaultConfigurationIsVisible = 0;
			defaultConfigurationName = Release;
		};
		F00028D2299BC0A1006E4F3D /* Build configuration list for PBXNativeTarget "SwiftUI4" */ = {
			isa = XCConfigurationList;
			buildConfigurations = (
				F00028D3299BC0A1006E4F3D /* Debug */,
				F00028D4299BC0A1006E4F3D /* Release */,
			);
			defaultConfigurationIsVisible = 0;
			defaultConfigurationName = Release;
		};
		F00028D5299BC0A1006E4F3D /* Build configuration list for PBXNativeTarget "SwiftUI4Tests" */ = {
			isa = XCConfigurationList;
			buildConfigurations = (
				F00028D6299BC0A1006E4F3D /* Debug */,
				F00028D7299BC0A1006E4F3D /* Release */,
			);
			defaultConfigurationIsVisible = 0;
			defaultConfigurationName = Release;
		};
		F00028D8299BC0A1006E4F3D /* Build configuration list for PBXNativeTarget "SwiftUI4UITests" */ = {
			isa = XCConfigurationList;
			buildConfigurations = (
				F00028D9299BC0A1006E4F3D /* Debug */,
				F00028DA299BC0A1006E4F3D /* Release */,
			);
			defaultConfigurationIsVisible = 0;
			defaultConfigurationName = Release;
		};
/* End XCConfigurationList section */
	};
	rootObject = F00028A6299BC09F006E4F3D /* Project object */;
}
